
Microsoft Visual Studio Solution File, Format Version 12.00
# Visual Studio 14
VisualStudioVersion = 14.0.25420.1
MinimumVisualStudioVersion = 10.0.40219.1
Project("{FAE04EC0-301F-11D3-BF4B-00C04F79EFBC}") = "AutoFacDemo", "AutoFacDemo\AutoFacDemo.csproj", "{30D6C773-B3EE-4AD9-8994-3959F1B48BCB}"
EndProject
Project("{FAE04EC0-301F-11D3-BF4B-00C04F79EFBC}") = "Lab.Infrastructure", "Lab.Infrastructure\Lab.Infrastructure.csproj", "{7982511D-7588-4A34-953E-019F8AB7D9FB}"
EndProject
Project("{FAE04EC0-301F-11D3-BF4B-00C04F79EFBC}") = "Achieve", "Achieve\Achieve.csproj", "{A956EFB2-767C-4C2F-90A0-065A3D83D356}"
EndProject
Project("{FAE04EC0-301F-11D3-BF4B-00C04F79EFBC}") = "WebApi", "WebApi\WebApi.csproj", "{D625FE7F-4BBD-46C5-958E-C119AFB9CADF}"
EndProject
Project("{FAE04EC0-301F-11D3-BF4B-00C04F79EFBC}") = "Web.Infrastructure", "web.Infrastructure\Web.Infrastructure.csproj", "{FDF7A399-ECFA-421F-942D-217F0274253D}"
EndProject
Project("{FAE04EC0-301F-11D3-BF4B-00C04F79EFBC}") = "Plug.Service", "Service\Plug.Service.csproj", "{93914E65-A546-4715-88A7-CEA65FCB1ECA}"
EndProject
Project("{FAE04EC0-301F-11D3-BF4B-00C04F79EFBC}") = "Plug.Consumer", "Consumer\Plug.Consumer.csproj", "{1A29E2AA-1FDA-4E7B-8F09-80CB2FA742DC}"
EndProject
Project("{FAE04EC0-301F-11D3-BF4B-00C04F79EFBC}") = "Car", "Car\Car.csproj", "{EE3CA78F-CE5A-4115-9D5D-70E1CA54BE4C}"
EndProject
Global
	GlobalSection(SolutionConfigurationPlatforms) = preSolution
		Debug|Any CPU = Debug|Any CPU
		Release|Any CPU = Release|Any CPU
	EndGlobalSection
	GlobalSection(ProjectConfigurationPlatforms) = postSolution
		{30D6C773-B3EE-4AD9-8994-3959F1B48BCB}.Debug|Any CPU.ActiveCfg = Debug|Any CPU
		{30D6C773-B3EE-4AD9-8994-3959F1B48BCB}.Debug|Any CPU.Build.0 = Debug|Any CPU
		{30D6C773-B3EE-4AD9-8994-3959F1B48BCB}.Release|Any CPU.ActiveCfg = Release|Any CPU
		{30D6C773-B3EE-4AD9-8994-3959F1B48BCB}.Release|Any CPU.Build.0 = Release|Any CPU
		{7982511D-7588-4A34-953E-019F8AB7D9FB}.Debug|Any CPU.ActiveCfg = Debug|Any CPU
		{7982511D-7588-4A34-953E-019F8AB7D9FB}.Debug|Any CPU.Build.0 = Debug|Any CPU
		{7982511D-7588-4A34-953E-019F8AB7D9FB}.Release|Any CPU.ActiveCfg = Release|Any CPU
		{7982511D-7588-4A34-953E-019F8AB7D9FB}.Release|Any CPU.Build.0 = Release|Any CPU
		{A956EFB2-767C-4C2F-90A0-065A3D83D356}.Debug|Any CPU.ActiveCfg = Debug|Any CPU
		{A956EFB2-767C-4C2F-90A0-065A3D83D356}.Debug|Any CPU.Build.0 = Debug|Any CPU
		{A956EFB2-767C-4C2F-90A0-065A3D83D356}.Release|Any CPU.ActiveCfg = Release|Any CPU
		{A956EFB2-767C-4C2F-90A0-065A3D83D356}.Release|Any CPU.Build.0 = Release|Any CPU
		{D625FE7F-4BBD-46C5-958E-C119AFB9CADF}.Debug|Any CPU.ActiveCfg = Debug|Any CPU
		{D625FE7F-4BBD-46C5-958E-C119AFB9CADF}.Debug|Any CPU.Build.0 = Debug|Any CPU
		{D625FE7F-4BBD-46C5-958E-C119AFB9CADF}.Release|Any CPU.ActiveCfg = Release|Any CPU
		{D625FE7F-4BBD-46C5-958E-C119AFB9CADF}.Release|Any CPU.Build.0 = Release|Any CPU
		{FDF7A399-ECFA-421F-942D-217F0274253D}.Debug|Any CPU.ActiveCfg = Debug|Any CPU
		{FDF7A399-ECFA-421F-942D-217F0274253D}.Debug|Any CPU.Build.0 = Debug|Any CPU
		{FDF7A399-ECFA-421F-942D-217F0274253D}.Release|Any CPU.ActiveCfg = Release|Any CPU
		{FDF7A399-ECFA-421F-942D-217F0274253D}.Release|Any CPU.Build.0 = Release|Any CPU
		{93914E65-A546-4715-88A7-CEA65FCB1ECA}.Debug|Any CPU.ActiveCfg = Debug|Any CPU
		{93914E65-A546-4715-88A7-CEA65FCB1ECA}.Debug|Any CPU.Build.0 = Debug|Any CPU
		{93914E65-A546-4715-88A7-CEA65FCB1ECA}.Release|Any CPU.ActiveCfg = Release|Any CPU
		{93914E65-A546-4715-88A7-CEA65FCB1ECA}.Release|Any CPU.Build.0 = Release|Any CPU
		{1A29E2AA-1FDA-4E7B-8F09-80CB2FA742DC}.Debug|Any CPU.ActiveCfg = Debug|Any CPU
		{1A29E2AA-1FDA-4E7B-8F09-80CB2FA742DC}.Debug|Any CPU.Build.0 = Debug|Any CPU
		{1A29E2AA-1FDA-4E7B-8F09-80CB2FA742DC}.Release|Any CPU.ActiveCfg = Release|Any CPU
		{1A29E2AA-1FDA-4E7B-8F09-80CB2FA742DC}.Release|Any CPU.Build.0 = Release|Any CPU
		{EE3CA78F-CE5A-4115-9D5D-70E1CA54BE4C}.Debug|Any CPU.ActiveCfg = Debug|Any CPU
		{EE3CA78F-CE5A-4115-9D5D-70E1CA54BE4C}.Debug|Any CPU.Build.0 = Debug|Any CPU
		{EE3CA78F-CE5A-4115-9D5D-70E1CA54BE4C}.Release|Any CPU.ActiveCfg = Release|Any CPU
		{EE3CA78F-CE5A-4115-9D5D-70E1CA54BE4C}.Release|Any CPU.Build.0 = Release|Any CPU
	EndGlobalSection
	GlobalSection(SolutionProperties) = preSolution
		HideSolutionNode = FALSE
	EndGlobalSection
EndGlobal
